
Microsoft Visual Studio Solution File, Format Version 12.00
# Visual Studio Version 16
VisualStudioVersion = 16.0.30406.217
MinimumVisualStudioVersion = 10.0.40219.1
Project("{FAE04EC0-301F-11D3-BF4B-00C04F79EFBC}") = "SmartUI", "SmartUI\SmartUI.csproj", "{BEBC4595-8C82-4781-BDC9-B2E2F514AE48}"
EndProject
Project("{FAE04EC0-301F-11D3-BF4B-00C04F79EFBC}") = "SmartUI.Demo", "SmartUI.Demo\SmartUI.Demo.csproj", "{AD9E015C-E0A5-437B-8BCD-18829CD96170}"
EndProject
Global
	GlobalSection(SolutionConfigurationPlatforms) = preSolution
		Debug|Any CPU = Debug|Any CPU
		Release|Any CPU = Release|Any CPU
	EndGlobalSection
	GlobalSection(ProjectConfigurationPlatforms) = postSolution
		{BEBC4595-8C82-4781-BDC9-B2E2F514AE48}.Debug|Any CPU.ActiveCfg = Debug|Any CPU
		{BEBC4595-8C82-4781-BDC9-B2E2F514AE48}.Debug|Any CPU.Build.0 = Debug|Any CPU
		{BEBC4595-8C82-4781-BDC9-B2E2F514AE48}.Release|Any CPU.ActiveCfg = Release|Any CPU
		{BEBC4595-8C82-4781-BDC9-B2E2F514AE48}.Release|Any CPU.Build.0 = Release|Any CPU
		{AD9E015C-E0A5-437B-8BCD-18829CD96170}.Debug|Any CPU.ActiveCfg = Debug|Any CPU
		{AD9E015C-E0A5-437B-8BCD-18829CD96170}.Debug|Any CPU.Build.0 = Debug|Any CPU
		{AD9E015C-E0A5-437B-8BCD-18829CD96170}.Release|Any CPU.ActiveCfg = Release|Any CPU
		{AD9E015C-E0A5-437B-8BCD-18829CD96170}.Release|Any CPU.Build.0 = Release|Any CPU
	EndGlobalSection
	GlobalSection(SolutionProperties) = preSolution
		HideSolutionNode = FALSE
	EndGlobalSection
	GlobalSection(ExtensibilityGlobals) = postSolution
		SolutionGuid = {7B2B6110-D816-48F6-BFCD-D789F1F5CA0C}
	EndGlobalSection
EndGlobal
